
Microsoft Visual Studio Solution File, Format Version 12.00
Project("{FAE04EC0-301F-11D3-BF4B-00C04F79EFBC}") = "GoogleSearchMCP", "GoogleSearchMCP\GoogleSearchMCP.csproj", "{2FF7DF4F-EC0C-47E0-A06D-6FE873D91B04}"
EndProject
Project("{FAE04EC0-301F-11D3-BF4B-00C04F79EFBC}") = "GoogleSearchMCP.Tests", "GoogleSearchMCP.Tests\GoogleSearchMCP.Tests.csproj", "{4CBB8A74-3394-4D59-8C89-94B0295B4BF6}"
EndProject
Global
	GlobalSection(SolutionConfigurationPlatforms) = preSolution
		Debug|Any CPU = Debug|Any CPU
		Release|Any CPU = Release|Any CPU
	EndGlobalSection
	GlobalSection(ProjectConfigurationPlatforms) = postSolution
		{2FF7DF4F-EC0C-47E0-A06D-6FE873D91B04}.Debug|Any CPU.ActiveCfg = Debug|Any CPU
		{2FF7DF4F-EC0C-47E0-A06D-6FE873D91B04}.Debug|Any CPU.Build.0 = Debug|Any CPU
		{2FF7DF4F-EC0C-47E0-A06D-6FE873D91B04}.Release|Any CPU.ActiveCfg = Release|Any CPU
		{2FF7DF4F-EC0C-47E0-A06D-6FE873D91B04}.Release|Any CPU.Build.0 = Release|Any CPU
		{4CBB8A74-3394-4D59-8C89-94B0295B4BF6}.Debug|Any CPU.ActiveCfg = Debug|Any CPU
		{4CBB8A74-3394-4D59-8C89-94B0295B4BF6}.Debug|Any CPU.Build.0 = Debug|Any CPU
		{4CBB8A74-3394-4D59-8C89-94B0295B4BF6}.Release|Any CPU.ActiveCfg = Release|Any CPU
		{4CBB8A74-3394-4D59-8C89-94B0295B4BF6}.Release|Any CPU.Build.0 = Release|Any CPU
	EndGlobalSection
EndGlobal
